
Microsoft Visual Studio Solution File, Format Version 12.00
# Visual Studio Version 17
VisualStudioVersion = 17.9.34701.34
MinimumVisualStudioVersion = 10.0.40219.1
Project("{FAE04EC0-301F-11D3-BF4B-00C04F79EFBC}") = "SeqLargeEvent", "SeqLargeEvent\SeqLargeEvent.csproj", "{4E2AC0C8-0F27-4024-8104-AB0EF242F426}"
EndProject
Global
	GlobalSection(SolutionConfigurationPlatforms) = preSolution
		Debug|Any CPU = Debug|Any CPU
		Release|Any CPU = Release|Any CPU
	EndGlobalSection
	GlobalSection(ProjectConfigurationPlatforms) = postSolution
		{4E2AC0C8-0F27-4024-8104-AB0EF242F426}.Debug|Any CPU.ActiveCfg = Debug|Any CPU
		{4E2AC0C8-0F27-4024-8104-AB0EF242F426}.Debug|Any CPU.Build.0 = Debug|Any CPU
		{4E2AC0C8-0F27-4024-8104-AB0EF242F426}.Release|Any CPU.ActiveCfg = Release|Any CPU
		{4E2AC0C8-0F27-4024-8104-AB0EF242F426}.Release|Any CPU.Build.0 = Release|Any CPU
	EndGlobalSection
	GlobalSection(SolutionProperties) = preSolution
		HideSolutionNode = FALSE
	EndGlobalSection
	GlobalSection(ExtensibilityGlobals) = postSolution
		SolutionGuid = {F7171F85-D9EF-42C4-8743-C57070C91D93}
	EndGlobalSection
EndGlobal
